
Microsoft Visual Studio Solution File, Format Version 12.00
# Visual Studio Version 17
VisualStudioVersion = 17.9.34616.47
MinimumVisualStudioVersion = 10.0.40219.1
Project("{FAE04EC0-301F-11D3-BF4B-00C04F79EFBC}") = "PersonasMicroservice", "PersonasMicroservice\PersonasMicroservice.csproj", "{F3357224-BC78-4311-B502-A6BC47EE030E}"
EndProject
Project("{FAE04EC0-301F-11D3-BF4B-00C04F79EFBC}") = "PersonasMicroservice.Test", "PersonasMicroservice.Test\PersonasMicroservice.Test.csproj", "{7078E534-637C-4B96-A2CB-BA65204C17AA}"
EndProject
Project("{FAE04EC0-301F-11D3-BF4B-00C04F79EFBC}") = "CitasMicroservice", "CitasMicroservice\CitasMicroservice.csproj", "{8A1A0AC5-86B7-4799-B5F7-8AC9B1391D45}"
EndProject
Project("{FAE04EC0-301F-11D3-BF4B-00C04F79EFBC}") = "RecetasMicroservice", "RecetasMicroservice\RecetasMicroservice.csproj", "{8E586CDA-2F2F-4D50-BD49-37935677EF18}"
EndProject
Project("{FAE04EC0-301F-11D3-BF4B-00C04F79EFBC}") = "CitasMicroservice.Test", "CitasMicroservice.Test\CitasMicroservice.Test.csproj", "{93E98C84-CE14-40F5-BB50-C4666BAE0856}"
EndProject
Project("{FAE04EC0-301F-11D3-BF4B-00C04F79EFBC}") = "RecetasMicroservice.Test", "RecetasMicroservice.Test\RecetasMicroservice.Test.csproj", "{347FF8D9-D867-45F1-8968-7276733591C8}"
EndProject
Global
	GlobalSection(SolutionConfigurationPlatforms) = preSolution
		Debug|Any CPU = Debug|Any CPU
		Release|Any CPU = Release|Any CPU
	EndGlobalSection
	GlobalSection(ProjectConfigurationPlatforms) = postSolution
		{F3357224-BC78-4311-B502-A6BC47EE030E}.Debug|Any CPU.ActiveCfg = Debug|Any CPU
		{F3357224-BC78-4311-B502-A6BC47EE030E}.Debug|Any CPU.Build.0 = Debug|Any CPU
		{F3357224-BC78-4311-B502-A6BC47EE030E}.Release|Any CPU.ActiveCfg = Release|Any CPU
		{F3357224-BC78-4311-B502-A6BC47EE030E}.Release|Any CPU.Build.0 = Release|Any CPU
		{7078E534-637C-4B96-A2CB-BA65204C17AA}.Debug|Any CPU.ActiveCfg = Debug|Any CPU
		{7078E534-637C-4B96-A2CB-BA65204C17AA}.Debug|Any CPU.Build.0 = Debug|Any CPU
		{7078E534-637C-4B96-A2CB-BA65204C17AA}.Release|Any CPU.ActiveCfg = Release|Any CPU
		{7078E534-637C-4B96-A2CB-BA65204C17AA}.Release|Any CPU.Build.0 = Release|Any CPU
		{8A1A0AC5-86B7-4799-B5F7-8AC9B1391D45}.Debug|Any CPU.ActiveCfg = Debug|Any CPU
		{8A1A0AC5-86B7-4799-B5F7-8AC9B1391D45}.Debug|Any CPU.Build.0 = Debug|Any CPU
		{8A1A0AC5-86B7-4799-B5F7-8AC9B1391D45}.Release|Any CPU.ActiveCfg = Release|Any CPU
		{8A1A0AC5-86B7-4799-B5F7-8AC9B1391D45}.Release|Any CPU.Build.0 = Release|Any CPU
		{8E586CDA-2F2F-4D50-BD49-37935677EF18}.Debug|Any CPU.ActiveCfg = Debug|Any CPU
		{8E586CDA-2F2F-4D50-BD49-37935677EF18}.Debug|Any CPU.Build.0 = Debug|Any CPU
		{8E586CDA-2F2F-4D50-BD49-37935677EF18}.Release|Any CPU.ActiveCfg = Release|Any CPU
		{8E586CDA-2F2F-4D50-BD49-37935677EF18}.Release|Any CPU.Build.0 = Release|Any CPU
		{93E98C84-CE14-40F5-BB50-C4666BAE0856}.Debug|Any CPU.ActiveCfg = Debug|Any CPU
		{93E98C84-CE14-40F5-BB50-C4666BAE0856}.Debug|Any CPU.Build.0 = Debug|Any CPU
		{93E98C84-CE14-40F5-BB50-C4666BAE0856}.Release|Any CPU.ActiveCfg = Release|Any CPU
		{93E98C84-CE14-40F5-BB50-C4666BAE0856}.Release|Any CPU.Build.0 = Release|Any CPU
		{347FF8D9-D867-45F1-8968-7276733591C8}.Debug|Any CPU.ActiveCfg = Debug|Any CPU
		{347FF8D9-D867-45F1-8968-7276733591C8}.Debug|Any CPU.Build.0 = Debug|Any CPU
		{347FF8D9-D867-45F1-8968-7276733591C8}.Release|Any CPU.ActiveCfg = Release|Any CPU
		{347FF8D9-D867-45F1-8968-7276733591C8}.Release|Any CPU.Build.0 = Release|Any CPU
	EndGlobalSection
	GlobalSection(SolutionProperties) = preSolution
		HideSolutionNode = FALSE
	EndGlobalSection
	GlobalSection(ExtensibilityGlobals) = postSolution
		SolutionGuid = {A8F21258-5BA9-4B12-809D-1B419BB9EE8E}
	EndGlobalSection
EndGlobal
